
Microsoft Visual Studio Solution File, Format Version 12.00
# Visual Studio 2013
VisualStudioVersion = 12.0.40629.0
MinimumVisualStudioVersion = 10.0.40219.1
Project("{FAE04EC0-301F-11D3-BF4B-00C04F79EFBC}") = "ValidadorCartaoCredito", "ValidadorCartaoCredito\ValidadorCartaoCredito.csproj", "{CFF0186A-4CB4-4814-92AE-43F1EBFADDA9}"
EndProject
Project("{FAE04EC0-301F-11D3-BF4B-00C04F79EFBC}") = "ValidadorCartaoCredito.Tests", "ValidadorCartaoCredito.Tests\ValidadorCartaoCredito.Tests.csproj", "{C76BEC39-C808-4DA6-BEAD-3B283CB54916}"
EndProject
Global
	GlobalSection(SolutionConfigurationPlatforms) = preSolution
		Debug|Any CPU = Debug|Any CPU
		Release|Any CPU = Release|Any CPU
	EndGlobalSection
	GlobalSection(ProjectConfigurationPlatforms) = postSolution
		{CFF0186A-4CB4-4814-92AE-43F1EBFADDA9}.Debug|Any CPU.ActiveCfg = Debug|Any CPU
		{CFF0186A-4CB4-4814-92AE-43F1EBFADDA9}.Debug|Any CPU.Build.0 = Debug|Any CPU
		{CFF0186A-4CB4-4814-92AE-43F1EBFADDA9}.Release|Any CPU.ActiveCfg = Release|Any CPU
		{CFF0186A-4CB4-4814-92AE-43F1EBFADDA9}.Release|Any CPU.Build.0 = Release|Any CPU
		{C76BEC39-C808-4DA6-BEAD-3B283CB54916}.Debug|Any CPU.ActiveCfg = Debug|Any CPU
		{C76BEC39-C808-4DA6-BEAD-3B283CB54916}.Debug|Any CPU.Build.0 = Debug|Any CPU
		{C76BEC39-C808-4DA6-BEAD-3B283CB54916}.Release|Any CPU.ActiveCfg = Release|Any CPU
		{C76BEC39-C808-4DA6-BEAD-3B283CB54916}.Release|Any CPU.Build.0 = Release|Any CPU
	EndGlobalSection
	GlobalSection(SolutionProperties) = preSolution
		HideSolutionNode = FALSE
	EndGlobalSection
EndGlobal
